Microsoft Visual Studio Solution File, Format Version 12.00
# Visual Studio Version 17
VisualStudioVersion = 17.1.32328.378
MinimumVisualStudioVersion = 10.0.40219.1
Project("{9A19103F-16F7-4668-BE54-9A1E7A4F7556}") = "SharpStatusApp", "src\SharpStatusApp\SharpStatusApp.csproj", "{EDEC0263-7FC1-41EC-8F61-C585A2946E04}"
EndProject
Project("{FAE04EC0-301F-11D3-BF4B-00C04F79EFBC}") = "SharpStatusApp.Tests", "test\SharpStatusApp.Tests\SharpStatusApp.Tests.csproj", "{03FFF078-253D-4636-AB99-5659619B561D}"
EndProject
Global
	GlobalSection(SolutionConfigurationPlatforms) = preSolution
		Debug|Any CPU = Debug|Any CPU
		Release|Any CPU = Release|Any CPU
	EndGlobalSection
	GlobalSection(ProjectConfigurationPlatforms) = postSolution
		{EDEC0263-7FC1-41EC-8F61-C585A2946E04}.Debug|Any CPU.ActiveCfg = Debug|Any CPU
		{EDEC0263-7FC1-41EC-8F61-C585A2946E04}.Debug|Any CPU.Build.0 = Debug|Any CPU
		{EDEC0263-7FC1-41EC-8F61-C585A2946E04}.Release|Any CPU.ActiveCfg = Release|Any CPU
		{EDEC0263-7FC1-41EC-8F61-C585A2946E04}.Release|Any CPU.Build.0 = Release|Any CPU
		{03FFF078-253D-4636-AB99-5659619B561D}.Debug|Any CPU.ActiveCfg = Debug|Any CPU
		{03FFF078-253D-4636-AB99-5659619B561D}.Debug|Any CPU.Build.0 = Debug|Any CPU
		{03FFF078-253D-4636-AB99-5659619B561D}.Release|Any CPU.ActiveCfg = Release|Any CPU
		{03FFF078-253D-4636-AB99-5659619B561D}.Release|Any CPU.Build.0 = Release|Any CPU
	EndGlobalSection
	GlobalSection(SolutionProperties) = preSolution
		HideSolutionNode = FALSE
	EndGlobalSection
	GlobalSection(ExtensibilityGlobals) = postSolution
		SolutionGuid = {B8693ADB-F088-471F-92C3-5A1B23CA509E}
	EndGlobalSection
EndGlobal
